
Microsoft Visual Studio Solution File, Format Version 12.00
# Visual Studio 15
VisualStudioVersion = 15.0.28307.572
MinimumVisualStudioVersion = 10.0.40219.1
Project("{9092AA53-FB77-4645-B42D-1CCCA6BD08BD}") = "BasicRouteVs", "BasicRouteVs.njsproj", "{8D876EF7-36AD-4769-A8D4-650232599074}"
EndProject
Global
	GlobalSection(SolutionConfigurationPlatforms) = preSolution
		Debug|Any CPU = Debug|Any CPU
		Release|Any CPU = Release|Any CPU
	EndGlobalSection
	GlobalSection(ProjectConfigurationPlatforms) = postSolution
		{8D876EF7-36AD-4769-A8D4-650232599074}.Debug|Any CPU.ActiveCfg = Debug|Any CPU
		{8D876EF7-36AD-4769-A8D4-650232599074}.Debug|Any CPU.Build.0 = Debug|Any CPU
		{8D876EF7-36AD-4769-A8D4-650232599074}.Release|Any CPU.ActiveCfg = Release|Any CPU
		{8D876EF7-36AD-4769-A8D4-650232599074}.Release|Any CPU.Build.0 = Release|Any CPU
	EndGlobalSection
	GlobalSection(SolutionProperties) = preSolution
		HideSolutionNode = FALSE
	EndGlobalSection
	GlobalSection(ExtensibilityGlobals) = postSolution
		SolutionGuid = {FBFFAC69-3F59-4450-9E70-A6C2051C0FC2}
	EndGlobalSection
EndGlobal
